
Microsoft Visual Studio Solution File, Format Version 12.00
# Visual Studio Version 16
VisualStudioVersion = 16.0.29102.190
MinimumVisualStudioVersion = 10.0.40219.1
Project("{9A19103F-16F7-4668-BE54-9A1E7A4F7556}") = "TestTask", "TestTask\TestTask.csproj", "{9533FD00-A18F-498F-A391-A06CF7F926D5}"
EndProject
Project("{FAE04EC0-301F-11D3-BF4B-00C04F79EFBC}") = "TestTask.Tests", "TestTaskTests\TestTask.Tests.csproj", "{ABCAA5A6-11CC-48E6-8216-B4B10CE651DD}"
EndProject
Global
	GlobalSection(SolutionConfigurationPlatforms) = preSolution
		Debug|Any CPU = Debug|Any CPU
		Release|Any CPU = Release|Any CPU
	EndGlobalSection
	GlobalSection(ProjectConfigurationPlatforms) = postSolution
		{9533FD00-A18F-498F-A391-A06CF7F926D5}.Debug|Any CPU.ActiveCfg = Debug|Any CPU
		{9533FD00-A18F-498F-A391-A06CF7F926D5}.Debug|Any CPU.Build.0 = Debug|Any CPU
		{9533FD00-A18F-498F-A391-A06CF7F926D5}.Release|Any CPU.ActiveCfg = Release|Any CPU
		{9533FD00-A18F-498F-A391-A06CF7F926D5}.Release|Any CPU.Build.0 = Release|Any CPU
		{ABCAA5A6-11CC-48E6-8216-B4B10CE651DD}.Debug|Any CPU.ActiveCfg = Debug|Any CPU
		{ABCAA5A6-11CC-48E6-8216-B4B10CE651DD}.Debug|Any CPU.Build.0 = Debug|Any CPU
		{ABCAA5A6-11CC-48E6-8216-B4B10CE651DD}.Release|Any CPU.ActiveCfg = Release|Any CPU
		{ABCAA5A6-11CC-48E6-8216-B4B10CE651DD}.Release|Any CPU.Build.0 = Release|Any CPU
	EndGlobalSection
	GlobalSection(SolutionProperties) = preSolution
		HideSolutionNode = FALSE
	EndGlobalSection
	GlobalSection(ExtensibilityGlobals) = postSolution
		SolutionGuid = {B5800E38-5041-4840-9100-604531E38721}
	EndGlobalSection
EndGlobal
